hash: 6461de30f42cd8da295088f679e448bc15579837159734c4b7360642ed221125
updated: 2016-10-31T15:57:37.816163592+09:00
imports:
- name: github.com/alfredxing/calc
  version: 1b5495984fff6ac373c06a1b8882ec32259af7c6
  subpackages:
  - compute
  - constants
  - operators
  - operators/functions
- name: github.com/Code-Hex/salmon
  version: 9afa44543b923f9a79a285695b2e8ab08d880181
  subpackages:
  - core
  - core/command
  - core/command/plugin
  - core/flake
- name: github.com/fatih/color
  version: bf82308e8c8546dc2b945157173eb8a959ae9505
- name: github.com/inconshreveable/mousetrap
  version: 76626ae9c91c4f2a10f34cad8ce83ea42c93bb75
- name: github.com/k0kubun/pp
  version: f5dce6ed0ccf6c350f1679964ff6b61f3d6d2033
- name: github.com/mattn/go-colorable
  version: 6c903ff4aa50920ca86087a280590b36b3152b9c
- name: github.com/mattn/go-isatty
  version: 66b8e73f3f5cda9f96b69efd03dd3d7fc4a5cdb8
- name: github.com/mattn/go-pipeline
  version: 4861b26ff5ba4743d594f2a8f763fe10be34e018
- name: github.com/nlopes/slack
  version: e595e9d8590a04ff76407e4e7d1791d25b095c66
- name: github.com/pkg/errors
  version: 839d9e913e063e28dfd0e6c7b7512793e0a48be9
- name: github.com/spf13/cobra
  version: 6e91dded25d73176bf7f60b40dd7aa1f0bf9be8d
- name: github.com/spf13/pflag
  version: 5ccb023bc27df288a957c5e994cd44fd19619465
- name: github.com/uber-go/atomic
  version: 9e99152552a6ce13fa3b2ce4a9c4fb117cca4506
- name: github.com/uber-go/zap
  version: f2929c57adb5be8fb03cad9a6912c509a5cb60af
- name: golang.org/x/net
  version: 8b4af36cd21a1f85a7484b49feb7c79363106d8e
  subpackages:
  - websocket
- name: golang.org/x/sys
  version: c200b10b5d5e122be351b67af224adc6128af5bf
  subpackages:
  - unix
testImports: []
